{
  "name": "backend",
  "lockfileVersion": 3,
  "requires": true,
  "packages": {
    "": {
      "name": "backend",
      "dependencies": {
        "@ai-sdk/groq": "^3.0.39",
        "@ai-sdk/xai": "^3.0.92",
        "@hono/node-server": "^1.19.9",
        "@huggingface/transformers": "^3.0.0",
        "@prisma/client": "5",
        "@upstash/redis": "^1.34.3",
        "ai": "^6.0.191",
        "bcrypt": "^6.0.0",
        "cookie-parser": "^1.4.7",
        "hono": "^4.11.9",
        "jsonwebtoken": "^9.0.3",
        "onnxruntime-node": "1.19.0",
        "prisma": "5",
        "zod": "^4.4.3"
      },
      "devDependencies": {
        "@types/bcrypt": "^6.0.0",
        "@types/cookie-parser": "^1.4.10",
        "@types/express": "^5.0.6",
        "@types/jsonwebtoken": "^9.0.10",
        "@types/node": "^20.11.17",
        "tsx": "^4.21.0",
        "typescript": "^5.8.3"
      }
    },
    "../../node_modules/.pnpm/@ai-sdk+groq@3.0.39_zod@4.4.3/node_modules/@ai-sdk/groq": {
      "version": "3.0.39",
      "license": "Apache-2.0",
      "dependencies": {
        "@ai-sdk/provider": "3.0.10",
        "@ai-sdk/provider-utils": "4.0.27"
      },
      "devDependencies": {
        "@ai-sdk/test-server": "1.0.5",
        "@types/node": "20.17.24",
        "@vercel/ai-tsconfig": "0.0.0",
        "tsup": "^8",
        "typescript": "5.8.3",
        "zod": "3.25.76"
      },
      "engines": {
        "node": ">=18"
      },
      "peerDependencies": {
        "zod": "^3.25.76 || ^4.1.8"
      }
    },
    "../../node_modules/.pnpm/@ai-sdk+xai@3.0.92_zod@4.4.3/node_modules/@ai-sdk/xai": {
      "version": "3.0.92",
      "license": "Apache-2.0",
      "dependencies": {
        "@ai-sdk/openai-compatible": "2.0.48",
        "@ai-sdk/provider": "3.0.10",
        "@ai-sdk/provider-utils": "4.0.27"
      },
      "devDependencies": {
        "@ai-sdk/test-server": "1.0.5",
        "@types/node": "20.17.24",
        "@vercel/ai-tsconfig": "0.0.0",
        "tsup": "^8",
        "typescript": "5.8.3",
        "zod": "3.25.76"
      },
      "engines": {
        "node": ">=18"
      },
      "peerDependencies": {
        "zod": "^3.25.76 || ^4.1.8"
      }
    },
    "../../node_modules/.pnpm/@hono+node-server@1.19.9_hono@4.11.9/node_modules/@hono/node-server": {
      "version": "1.19.9",
      "license": "MIT",
      "devDependencies": {
        "@hono/eslint-config": "^1.0.1",
        "@types/jest": "^29.5.3",
        "@types/node": "^20.10.0",
        "@types/supertest": "^2.0.12",
        "@whatwg-node/fetch": "^0.9.14",
        "eslint": "^9.10.0",
        "hono": "^4.4.10",
        "jest": "^29.6.1",
        "np": "^7.7.0",
        "prettier": "^3.2.4",
        "publint": "^0.1.16",
        "supertest": "^6.3.3",
        "ts-jest": "^29.1.1",
        "tsup": "^7.2.0",
        "typescript": "^5.3.2"
      },
      "engines": {
        "node": ">=18.14.1"
      },
      "peerDependencies": {
        "hono": "^4"
      }
    },
    "../../node_modules/.pnpm/@huggingface+transformers@3.8.1/node_modules/@huggingface/transformers": {
      "version": "3.8.1",
      "license": "Apache-2.0",
      "dependencies": {
        "@huggingface/jinja": "^0.5.3",
        "onnxruntime-node": "1.21.0",
        "onnxruntime-web": "1.22.0-dev.20250409-89f8206ba4",
        "sharp": "^0.34.1"
      },
      "devDependencies": {
        "@types/jest": "^29.5.14",
        "@types/node": "^22.10.1",
        "@webgpu/types": "^0.1.51",
        "catharsis": "github:xenova/catharsis",
        "jest": "^30.0.0-alpha.6",
        "jest-environment-node": "^30.0.0-alpha.6",
        "jsdoc-to-markdown": "^9.1.1",
        "prettier": "3.4.2",
        "typescript": "^5.8.2",
        "wavefile": "11.0.0",
        "webpack": "^5.97.1",
        "webpack-cli": "^5.1.4",
        "webpack-dev-server": "^5.1.0"
      }
    },
    "../../node_modules/.pnpm/@prisma+client@5.22.0_prisma@5.22.0/node_modules/@prisma/client": {
      "version": "5.22.0",
      "hasInstallScript": true,
      "license": "Apache-2.0",
      "devDependencies": {
        "@cloudflare/workers-types": "4.20240614.0",
        "@codspeed/benchmark.js-plugin": "3.1.1",
        "@faker-js/faker": "8.4.1",
        "@fast-check/jest": "1.8.2",
        "@inquirer/prompts": "5.0.5",
        "@jest/create-cache-key-function": "29.7.0",
        "@jest/globals": "29.7.0",
        "@jest/test-sequencer": "29.7.0",
        "@libsql/client": "0.8.0",
        "@neondatabase/serverless": "0.9.3",
        "@opentelemetry/api": "1.9.0",
        "@opentelemetry/context-async-hooks": "1.25.1",
        "@opentelemetry/instrumentation": "0.52.1",
        "@opentelemetry/resources": "1.25.1",
        "@opentelemetry/sdk-trace-base": "1.25.1",
        "@opentelemetry/semantic-conventions": "1.25.1",
        "@planetscale/database": "1.18.0",
        "@prisma/adapter-d1": "5.22.0",
        "@prisma/adapter-libsql": "5.22.0",
        "@prisma/adapter-neon": "5.22.0",
        "@prisma/adapter-pg": "5.22.0",
        "@prisma/adapter-pg-worker": "5.22.0",
        "@prisma/adapter-planetscale": "5.22.0",
        "@prisma/debug": "5.22.0",
        "@prisma/driver-adapter-utils": "5.22.0",
        "@prisma/engines": "5.22.0",
        "@prisma/engines-version": "5.22.0-44.605197351a3c8bdd595af2d2a9bc3025bca48ea2",
        "@prisma/fetch-engine": "5.22.0",
        "@prisma/generator-helper": "5.22.0",
        "@prisma/get-platform": "5.22.0",
        "@prisma/instrumentation": "5.22.0",
        "@prisma/internals": "5.22.0",
        "@prisma/migrate": "5.22.0",
        "@prisma/mini-proxy": "0.9.5",
        "@prisma/pg-worker": "5.22.0",
        "@prisma/query-engine-wasm": "5.22.0-44.605197351a3c8bdd595af2d2a9bc3025bca48ea2",
        "@snaplet/copycat": "0.17.3",
        "@swc-node/register": "1.10.9",
        "@swc/core": "1.6.13",
        "@swc/jest": "0.2.36",
        "@timsuchanek/copy": "1.4.5",
        "@types/debug": "4.1.12",
        "@types/fs-extra": "9.0.13",
        "@types/jest": "29.5.12",
        "@types/js-levenshtein": "1.1.3",
        "@types/mssql": "9.1.5",
        "@types/node": "18.19.31",
        "@types/pg": "8.11.6",
        "arg": "5.0.2",
        "benchmark": "2.1.4",
        "ci-info": "4.0.0",
        "decimal.js": "10.4.3",
        "detect-runtime": "1.0.4",
        "env-paths": "2.2.1",
        "esbuild": "0.23.0",
        "execa": "5.1.1",
        "expect-type": "0.19.0",
        "flat-map-polyfill": "0.3.8",
        "fs-extra": "11.1.1",
        "get-stream": "6.0.1",
        "globby": "11.1.0",
        "indent-string": "4.0.0",
        "jest": "29.7.0",
        "jest-extended": "4.0.2",
        "jest-junit": "16.0.0",
        "jest-serializer-ansi-escapes": "3.0.0",
        "jest-snapshot": "29.7.0",
        "js-levenshtein": "1.1.6",
        "kleur": "4.1.5",
        "klona": "2.0.6",
        "mariadb": "3.3.1",
        "memfs": "4.9.3",
        "mssql": "11.0.1",
        "new-github-issue-url": "0.2.1",
        "node-fetch": "3.3.2",
        "p-retry": "4.6.2",
        "pg": "8.11.5",
        "pkg-up": "3.1.0",
        "pluralize": "8.0.0",
        "resolve": "1.22.8",
        "rimraf": "3.0.2",
        "simple-statistics": "7.8.5",
        "sort-keys": "4.2.0",
        "source-map-support": "0.5.21",
        "sql-template-tag": "5.2.1",
        "stacktrace-parser": "0.1.10",
        "strip-ansi": "6.0.1",
        "strip-indent": "3.0.0",
        "ts-node": "10.9.2",
        "ts-pattern": "5.2.0",
        "tsd": "0.31.1",
        "typescript": "5.4.5",
        "undici": "5.28.4",
        "wrangler": "3.62.0",
        "zx": "7.2.3"
      },
      "engines": {
        "node": ">=16.13"
      },
      "peerDependencies": {
        "prisma": "*"
      },
      "peerDependenciesMeta": {
        "prisma": {
          "optional": true
        }
      }
    },
    "../../node_modules/.pnpm/@types+bcrypt@6.0.0/node_modules/@types/bcrypt": {
      "version": "6.0.0",
      "dev": true,
      "license": "MIT",
      "dependencies": {
        "@types/node": "*"
      }
    },
    "../../node_modules/.pnpm/@types+cookie-parser@1.4.10_@types+express@5.0.6/node_modules/@types/cookie-parser": {
      "version": "1.4.10",
      "dev": true,
      "license": "MIT",
      "peerDependencies": {
        "@types/express": "*"
      }
    },
    "../../node_modules/.pnpm/@types+express@5.0.6/node_modules/@types/express": {
      "version": "5.0.6",
      "dev": true,
      "license": "MIT",
      "dependencies": {
        "@types/body-parser": "*",
        "@types/express-serve-static-core": "^5.0.0",
        "@types/serve-static": "^2"
      }
    },
    "../../node_modules/.pnpm/@types+jsonwebtoken@9.0.10/node_modules/@types/jsonwebtoken": {
      "version": "9.0.10",
      "dev": true,
      "license": "MIT",
      "dependencies": {
        "@types/ms": "*",
        "@types/node": "*"
      }
    },
    "../../node_modules/.pnpm/@types+node@20.19.33/node_modules/@types/node": {
      "version": "20.19.33",
      "dev": true,
      "license": "MIT",
      "dependencies": {
        "undici-types": "~6.21.0"
      }
    },
    "../../node_modules/.pnpm/@upstash+redis@1.38.0/node_modules/@upstash/redis": {
      "version": "1.38.0",
      "license": "MIT",
      "dependencies": {
        "uncrypto": "^0.1.3"
      },
      "devDependencies": {
        "@types/bun": "1.3.6",
        "tsup": "^8.2.3",
        "typescript": "latest"
      }
    },
    "../../node_modules/.pnpm/ai@6.0.191_zod@4.4.3/node_modules/ai": {
      "version": "6.0.191",
      "license": "Apache-2.0",
      "dependencies": {
        "@ai-sdk/gateway": "3.0.120",
        "@ai-sdk/provider": "3.0.10",
        "@ai-sdk/provider-utils": "4.0.27",
        "@opentelemetry/api": "^1.9.0"
      },
      "devDependencies": {
        "@ai-sdk/test-server": "1.0.5",
        "@edge-runtime/vm": "^5.0.0",
        "@types/json-schema": "7.0.15",
        "@types/node": "20.17.24",
        "@vercel/ai-tsconfig": "0.0.0",
        "esbuild": "^0.24.2",
        "tsup": "^7.2.0",
        "tsx": "^4.19.2",
        "typescript": "5.8.3",
        "zod": "3.25.76"
      },
      "engines": {
        "node": ">=18"
      },
      "peerDependencies": {
        "zod": "^3.25.76 || ^4.1.8"
      }
    },
    "../../node_modules/.pnpm/bcrypt@6.0.0/node_modules/bcrypt": {
      "version": "6.0.0",
      "hasInstallScript": true,
      "license": "MIT",
      "dependencies": {
        "node-addon-api": "^8.3.0",
        "node-gyp-build": "^4.8.4"
      },
      "devDependencies": {
        "jest": "^29.7.0",
        "prebuildify": "^6.0.1"
      },
      "engines": {
        "node": ">= 18"
      }
    },
    "../../node_modules/.pnpm/cookie-parser@1.4.7/node_modules/cookie-parser": {
      "version": "1.4.7",
      "license": "MIT",
      "dependencies": {
        "cookie": "0.7.2",
        "cookie-signature": "1.0.6"
      },
      "devDependencies": {
        "eslint": "7.32.0",
        "eslint-config-standard": "14.1.1",
        "eslint-plugin-import": "2.25.2",
        "eslint-plugin-markdown": "2.2.1",
        "eslint-plugin-node": "11.1.0",
        "eslint-plugin-promise": "4.3.1",
        "eslint-plugin-standard": "4.1.0",
        "mocha": "9.2.1",
        "nyc": "15.1.0",
        "supertest": "6.1.6"
      },
      "engines": {
        "node": ">= 0.8.0"
      }
    },
    "../../node_modules/.pnpm/hono@4.11.9/node_modules/hono": {
      "version": "4.11.9",
      "license": "MIT",
      "devDependencies": {
        "@hono/eslint-config": "^2.0.5",
        "@hono/node-server": "^1.13.5",
        "@types/glob": "^9.0.0",
        "@types/jsdom": "^21.1.7",
        "@types/node": "^24.3.0",
        "@typescript/native-preview": "7.0.0-dev.20251220.1",
        "@vitest/coverage-v8": "^3.2.4",
        "arg": "^5.0.2",
        "bun-types": "^1.2.20",
        "editorconfig-checker": "6.1.1",
        "esbuild": "^0.27.1",
        "eslint": "9.39.1",
        "glob": "^11.0.0",
        "jsdom": "22.1.0",
        "msw": "^2.6.0",
        "np": "10.2.0",
        "oxc-parser": "^0.96.0",
        "pkg-pr-new": "^0.0.53",
        "prettier": "3.7.4",
        "publint": "0.3.15",
        "typescript": "^5.9.2",
        "undici": "^6.21.3",
        "vite-plugin-fastly-js-compute": "^0.4.2",
        "vitest": "^3.2.4",
        "wrangler": "4.12.0",
        "ws": "^8.18.0",
        "zod": "^3.23.8"
      },
      "engines": {
        "node": ">=16.9.0"
      }
    },
    "../../node_modules/.pnpm/jsonwebtoken@9.0.3/node_modules/jsonwebtoken": {
      "version": "9.0.3",
      "license": "MIT",
      "dependencies": {
        "jws": "^4.0.1",
        "lodash.includes": "^4.3.0",
        "lodash.isboolean": "^3.0.3",
        "lodash.isinteger": "^4.0.4",
        "lodash.isnumber": "^3.0.3",
        "lodash.isplainobject": "^4.0.6",
        "lodash.isstring": "^4.0.1",
        "lodash.once": "^4.0.0",
        "ms": "^2.1.1",
        "semver": "^7.5.4"
      },
      "devDependencies": {
        "atob": "^2.1.2",
        "chai": "^4.1.2",
        "conventional-changelog": "~1.1.0",
        "eslint": "^4.19.1",
        "mocha": "^5.2.0",
        "nsp": "^2.6.2",
        "nyc": "^11.9.0",
        "sinon": "^6.0.0"
      },
      "engines": {
        "node": ">=12",
        "npm": ">=6"
      }
    },
    "../../node_modules/.pnpm/prisma@5.22.0/node_modules/prisma": {
      "version": "5.22.0",
      "hasInstallScript": true,
      "license": "Apache-2.0",
      "dependencies": {
        "@prisma/engines": "5.22.0"
      },
      "bin": {
        "prisma": "build/index.js"
      },
      "devDependencies": {
        "@prisma/client": "5.22.0",
        "@prisma/debug": "5.22.0",
        "@prisma/fetch-engine": "5.22.0",
        "@prisma/generator-helper": "5.22.0",
        "@prisma/get-platform": "5.22.0",
        "@prisma/internals": "5.22.0",
        "@prisma/migrate": "5.22.0",
        "@prisma/mini-proxy": "0.9.5",
        "@prisma/studio": "0.503.0",
        "@prisma/studio-server": "0.503.0",
        "@swc/core": "1.6.13",
        "@swc/jest": "0.2.36",
        "@types/debug": "4.1.12",
        "@types/fs-extra": "9.0.13",
        "@types/jest": "29.5.12",
        "@types/node": "18.19.31",
        "@types/rimraf": "3.0.2",
        "async-listen": "3.0.1",
        "checkpoint-client": "1.1.33",
        "chokidar": "3.6.0",
        "debug": "4.3.6",
        "dotenv": "16.0.3",
        "esbuild": "0.23.0",
        "execa": "5.1.1",
        "fast-glob": "3.3.2",
        "fs-extra": "11.1.1",
        "fs-jetpack": "5.1.0",
        "get-port": "5.1.1",
        "global-dirs": "4.0.0",
        "jest": "29.7.0",
        "jest-junit": "16.0.0",
        "kleur": "4.1.5",
        "line-replace": "2.0.1",
        "log-update": "4.0.0",
        "node-fetch": "3.3.2",
        "npm-packlist": "5.1.3",
        "open": "7.4.2",
        "pkg-up": "3.1.0",
        "resolve-pkg": "2.0.0",
        "rimraf": "3.0.2",
        "strip-ansi": "6.0.1",
        "ts-pattern": "5.2.0",
        "typescript": "5.4.5",
        "xdg-app-paths": "8.3.0",
        "zx": "7.2.3"
      },
      "engines": {
        "node": ">=16.13"
      },
      "optionalDependencies": {
        "fsevents": "2.3.3"
      }
    },
    "../../node_modules/.pnpm/tsx@4.21.0/node_modules/tsx": {
      "version": "4.21.0",
      "dev": true,
      "license": "MIT",
      "dependencies": {
        "esbuild": "~0.27.0",
        "get-tsconfig": "^4.7.5"
      },
      "bin": {
        "tsx": "dist/cli.mjs"
      },
      "engines": {
        "node": ">=18.0.0"
      },
      "optionalDependencies": {
        "fsevents": "~2.3.3"
      }
    },
    "../../node_modules/.pnpm/typescript@5.9.2/node_modules/typescript": {
      "version": "5.9.2",
      "dev": true,
      "license": "Apache-2.0",
      "bin": {
        "tsc": "bin/tsc",
        "tsserver": "bin/tsserver"
      },
      "devDependencies": {
        "@dprint/formatter": "^0.4.1",
        "@dprint/typescript": "0.93.4",
        "@esfx/canceltoken": "^1.0.0",
        "@eslint/js": "^9.20.0",
        "@octokit/rest": "^21.1.1",
        "@types/chai": "^4.3.20",
        "@types/diff": "^7.0.1",
        "@types/minimist": "^1.2.5",
        "@types/mocha": "^10.0.10",
        "@types/ms": "^0.7.34",
        "@types/node": "latest",
        "@types/source-map-support": "^0.5.10",
        "@types/which": "^3.0.4",
        "@typescript-eslint/rule-tester": "^8.24.1",
        "@typescript-eslint/type-utils": "^8.24.1",
        "@typescript-eslint/utils": "^8.24.1",
        "azure-devops-node-api": "^14.1.0",
        "c8": "^10.1.3",
        "chai": "^4.5.0",
        "chokidar": "^4.0.3",
        "diff": "^7.0.0",
        "dprint": "^0.49.0",
        "esbuild": "^0.25.0",
        "eslint": "^9.20.1",
        "eslint-formatter-autolinkable-stylish": "^1.4.0",
        "eslint-plugin-regexp": "^2.7.0",
        "fast-xml-parser": "^4.5.2",
        "glob": "^10.4.5",
        "globals": "^15.15.0",
        "hereby": "^1.10.0",
        "jsonc-parser": "^3.3.1",
        "knip": "^5.44.4",
        "minimist": "^1.2.8",
        "mocha": "^10.8.2",
        "mocha-fivemat-progress-reporter": "^0.1.0",
        "monocart-coverage-reports": "^2.12.1",
        "ms": "^2.1.3",
        "picocolors": "^1.1.1",
        "playwright": "^1.50.1",
        "source-map-support": "^0.5.21",
        "tslib": "^2.8.1",
        "typescript": "^5.7.3",
        "typescript-eslint": "^8.24.1",
        "which": "^3.0.1"
      },
      "engines": {
        "node": ">=14.17"
      }
    },
    "../../node_modules/.pnpm/zod@4.4.3/node_modules/zod": {
      "version": "4.4.3",
      "license": "MIT",
      "funding": {
        "url": "https://github.com/sponsors/colinhacks"
      }
    },
    "node_modules/@ai-sdk/groq": {
      "resolved": "../../node_modules/.pnpm/@ai-sdk+groq@3.0.39_zod@4.4.3/node_modules/@ai-sdk/groq",
      "link": true
    },
    "node_modules/@ai-sdk/xai": {
      "resolved": "../../node_modules/.pnpm/@ai-sdk+xai@3.0.92_zod@4.4.3/node_modules/@ai-sdk/xai",
      "link": true
    },
    "node_modules/@hono/node-server": {
      "resolved": "../../node_modules/.pnpm/@hono+node-server@1.19.9_hono@4.11.9/node_modules/@hono/node-server",
      "link": true
    },
    "node_modules/@huggingface/transformers": {
      "resolved": "../../node_modules/.pnpm/@huggingface+transformers@3.8.1/node_modules/@huggingface/transformers",
      "link": true
    },
    "node_modules/@isaacs/fs-minipass": {
      "version": "4.0.1",
      "resolved": "https://registry.npmjs.org/@isaacs/fs-minipass/-/fs-minipass-4.0.1.tgz",
      "integrity": "sha512-wgm9Ehl2jpeqP3zw/7mo3kRHFp5MEDhqAdwy1fTGkHAwnkGOVsgpvQhL8B5n1qlb01jV3n/bI0ZfZp5lWA1k4w==",
      "license": "ISC",
      "dependencies": {
        "minipass": "^7.0.4"
      },
      "engines": {
        "node": ">=18.0.0"
      }
    },
    "node_modules/@prisma/client": {
      "resolved": "../../node_modules/.pnpm/@prisma+client@5.22.0_prisma@5.22.0/node_modules/@prisma/client",
      "link": true
    },
    "node_modules/@types/bcrypt": {
      "resolved": "../../node_modules/.pnpm/@types+bcrypt@6.0.0/node_modules/@types/bcrypt",
      "link": true
    },
    "node_modules/@types/cookie-parser": {
      "resolved": "../../node_modules/.pnpm/@types+cookie-parser@1.4.10_@types+express@5.0.6/node_modules/@types/cookie-parser",
      "link": true
    },
    "node_modules/@types/express": {
      "resolved": "../../node_modules/.pnpm/@types+express@5.0.6/node_modules/@types/express",
      "link": true
    },
    "node_modules/@types/jsonwebtoken": {
      "resolved": "../../node_modules/.pnpm/@types+jsonwebtoken@9.0.10/node_modules/@types/jsonwebtoken",
      "link": true
    },
    "node_modules/@types/node": {
      "resolved": "../../node_modules/.pnpm/@types+node@20.19.33/node_modules/@types/node",
      "link": true
    },
    "node_modules/@upstash/redis": {
      "resolved": "../../node_modules/.pnpm/@upstash+redis@1.38.0/node_modules/@upstash/redis",
      "link": true
    },
    "node_modules/ai": {
      "resolved": "../../node_modules/.pnpm/ai@6.0.191_zod@4.4.3/node_modules/ai",
      "link": true
    },
    "node_modules/bcrypt": {
      "resolved": "../../node_modules/.pnpm/bcrypt@6.0.0/node_modules/bcrypt",
      "link": true
    },
    "node_modules/chownr": {
      "version": "3.0.0",
      "resolved": "https://registry.npmjs.org/chownr/-/chownr-3.0.0.tgz",
      "integrity": "sha512-+IxzY9BZOQd/XuYPRmrvEVjF/nqj5kgT4kEq7VofrDoM1MxoRjEWkrCC3EtLi59TVawxTAn+orJwFQcrqEN1+g==",
      "license": "BlueOak-1.0.0",
      "engines": {
        "node": ">=18"
      }
    },
    "node_modules/cookie-parser": {
      "resolved": "../../node_modules/.pnpm/cookie-parser@1.4.7/node_modules/cookie-parser",
      "link": true
    },
    "node_modules/hono": {
      "resolved": "../../node_modules/.pnpm/hono@4.11.9/node_modules/hono",
      "link": true
    },
    "node_modules/jsonwebtoken": {
      "resolved": "../../node_modules/.pnpm/jsonwebtoken@9.0.3/node_modules/jsonwebtoken",
      "link": true
    },
    "node_modules/minipass": {
      "version": "7.1.3",
      "resolved": "https://registry.npmjs.org/minipass/-/minipass-7.1.3.tgz",
      "integrity": "sha512-tEBHqDnIoM/1rXME1zgka9g6Q2lcoCkxHLuc7ODJ5BxbP5d4c2Z5cGgtXAku59200Cx7diuHTOYfSBD8n6mm8A==",
      "license": "BlueOak-1.0.0",
      "engines": {
        "node": ">=16 || 14 >=14.17"
      }
    },
    "node_modules/minizlib": {
      "version": "3.1.0",
      "resolved": "https://registry.npmjs.org/minizlib/-/minizlib-3.1.0.tgz",
      "integrity": "sha512-KZxYo1BUkWD2TVFLr0MQoM8vUUigWD3LlD83a/75BqC+4qE0Hb1Vo5v1FgcfaNXvfXzr+5EhQ6ing/CaBijTlw==",
      "license": "MIT",
      "dependencies": {
        "minipass": "^7.1.2"
      },
      "engines": {
        "node": ">= 18"
      }
    },
    "node_modules/onnxruntime-common": {
      "version": "1.19.0",
      "resolved": "https://registry.npmjs.org/onnxruntime-common/-/onnxruntime-common-1.19.0.tgz",
      "integrity": "sha512-Oo16UIJ/xLOtZDVGcL4bL8EP8MiNFztyBmR3pB14D+cl/UCpOgHHzEk0MADSmYXQ0FgyEegPXtOFcJqhq1YRsw==",
      "license": "MIT"
    },
    "node_modules/onnxruntime-node": {
      "version": "1.19.0",
      "resolved": "https://registry.npmjs.org/onnxruntime-node/-/onnxruntime-node-1.19.0.tgz",
      "integrity": "sha512-JivYcrZ9H9YPpHnP+5rTVTJjzuD+ZB0TsB0//e2La0ViYNG0hmTvnwFgmRoes6F7E1PyVMpyRftmcl9pnIWsnw==",
      "hasInstallScript": true,
      "license": "MIT",
      "os": [
        "win32",
        "darwin",
        "linux"
      ],
      "dependencies": {
        "onnxruntime-common": "1.19.0",
        "tar": "^7.0.1"
      }
    },
    "node_modules/prisma": {
      "resolved": "../../node_modules/.pnpm/prisma@5.22.0/node_modules/prisma",
      "link": true
    },
    "node_modules/tar": {
      "version": "7.5.20",
      "resolved": "https://registry.npmjs.org/tar/-/tar-7.5.20.tgz",
      "integrity": "sha512-9FcyK4PA6+WbzlTM9WhQm6vB5W7cP7dUiPsv1g7YDwEQnQ1CGpK3MGlKk/ITVWMk05kHZuBhmVhiv8LZoy/PFQ==",
      "license": "BlueOak-1.0.0",
      "dependencies": {
        "@isaacs/fs-minipass": "^4.0.0",
        "chownr": "^3.0.0",
        "minipass": "^7.1.2",
        "minizlib": "^3.1.0",
        "yallist": "^5.0.0"
      },
      "engines": {
        "node": ">=18"
      }
    },
    "node_modules/tsx": {
      "resolved": "../../node_modules/.pnpm/tsx@4.21.0/node_modules/tsx",
      "link": true
    },
    "node_modules/typescript": {
      "resolved": "../../node_modules/.pnpm/typescript@5.9.2/node_modules/typescript",
      "link": true
    },
    "node_modules/yallist": {
      "version": "5.0.0",
      "resolved": "https://registry.npmjs.org/yallist/-/yallist-5.0.0.tgz",
      "integrity": "sha512-YgvUTfwqyc7UXVMrB+SImsVYSmTS8X/tSrtdNZMImM+n7+QTriRXyXim0mBrTXNeqzVF0KWGgHPeiyViFFrNDw==",
      "license": "BlueOak-1.0.0",
      "engines": {
        "node": ">=18"
      }
    },
    "node_modules/zod": {
      "resolved": "../../node_modules/.pnpm/zod@4.4.3/node_modules/zod",
      "link": true
    }
  }
}
